
Microsoft Visual Studio Solution File, Format Version 12.00
# Visual Studio Version 17
VisualStudioVersion = 17.7.34018.315
MinimumVisualStudioVersion = 10.0.40219.1
Project("{FAE04EC0-301F-11D3-BF4B-00C04F79EFBC}") = "Examen1", "Examen1.csproj", "{1AD23B75-9C39-4669-91A5-ED5554AA5D43}"
EndProject
Global
	GlobalSection(SolutionConfigurationPlatforms) = preSolution
		Debug|Any CPU = Debug|Any CPU
		Release|Any CPU = Release|Any CPU
	EndGlobalSection
	GlobalSection(ProjectConfigurationPlatforms) = postSolution
		{1AD23B75-9C39-4669-91A5-ED5554AA5D43}.Debug|Any CPU.ActiveCfg = Debug|Any CPU
		{1AD23B75-9C39-4669-91A5-ED5554AA5D43}.Debug|Any CPU.Build.0 = Debug|Any CPU
		{1AD23B75-9C39-4669-91A5-ED5554AA5D43}.Release|Any CPU.ActiveCfg = Release|Any CPU
		{1AD23B75-9C39-4669-91A5-ED5554AA5D43}.Release|Any CPU.Build.0 = Release|Any CPU
	EndGlobalSection
	GlobalSection(SolutionProperties) = preSolution
		HideSolutionNode = FALSE
	EndGlobalSection
	GlobalSection(ExtensibilityGlobals) = postSolution
		SolutionGuid = {652DCE67-C842-40AF-A4D3-B3637FF09D1B}
	EndGlobalSection
EndGlobal
